
Microsoft Visual Studio Solution File, Format Version 12.00
# Visual Studio 2013
VisualStudioVersion = 12.0.30723.0
MinimumVisualStudioVersion = 10.0.40219.1
Project("{FAE04EC0-301F-11D3-BF4B-00C04F79EFBC}") = "MyoTestv4", "MyoTestv4.csproj", "{0D6370B0-B6A8-4C62-B726-8F8AE51B0880}"
EndProject
Project("{2150E333-8FDC-42A3-9474-1A3956D46DE8}") = "MyoTestv4Consolidated", "MyoTestv4Consolidated", "{235E6BD0-A9FC-4FBC-9A5F-5E3C742FEA24}"
	ProjectSection(SolutionItems) = preProject
		Coding_References.txt = Coding_References.txt
	EndProjectSection
EndProject
Project("{2150E333-8FDC-42A3-9474-1A3956D46DE8}") = ".nuget", ".nuget", "{C40931AF-2E4F-4E4C-A680-8C6DFADB7B3A}"
	ProjectSection(SolutionItems) = preProject
		.nuget\NuGet.Config = .nuget\NuGet.Config
		.nuget\NuGet.exe = .nuget\NuGet.exe
		.nuget\NuGet.targets = .nuget\NuGet.targets
	EndProjectSection
EndProject
Global
	GlobalSection(SolutionConfigurationPlatforms) = preSolution
		Debug|Any CPU = Debug|Any CPU
		Debug|Mixed Platforms = Debug|Mixed Platforms
		Debug|x86 = Debug|x86
		Release|Any CPU = Release|Any CPU
		Release|Mixed Platforms = Release|Mixed Platforms
		Release|x86 = Release|x86
	EndGlobalSection
	GlobalSection(ProjectConfigurationPlatforms) = postSolution
		{0D6370B0-B6A8-4C62-B726-8F8AE51B0880}.Debug|Any CPU.ActiveCfg = Debug|x86
		{0D6370B0-B6A8-4C62-B726-8F8AE51B0880}.Debug|Mixed Platforms.ActiveCfg = Debug|x86
		{0D6370B0-B6A8-4C62-B726-8F8AE51B0880}.Debug|Mixed Platforms.Build.0 = Debug|x86
		{0D6370B0-B6A8-4C62-B726-8F8AE51B0880}.Debug|x86.ActiveCfg = Debug|x86
		{0D6370B0-B6A8-4C62-B726-8F8AE51B0880}.Debug|x86.Build.0 = Debug|x86
		{0D6370B0-B6A8-4C62-B726-8F8AE51B0880}.Release|Any CPU.ActiveCfg = Release|x86
		{0D6370B0-B6A8-4C62-B726-8F8AE51B0880}.Release|Mixed Platforms.ActiveCfg = Release|x86
		{0D6370B0-B6A8-4C62-B726-8F8AE51B0880}.Release|Mixed Platforms.Build.0 = Release|x86
		{0D6370B0-B6A8-4C62-B726-8F8AE51B0880}.Release|x86.ActiveCfg = Release|x86
		{0D6370B0-B6A8-4C62-B726-8F8AE51B0880}.Release|x86.Build.0 = Release|x86
	EndGlobalSection
	GlobalSection(SolutionProperties) = preSolution
		HideSolutionNode = FALSE
	EndGlobalSection
	GlobalSection(NestedProjects) = preSolution
		{0D6370B0-B6A8-4C62-B726-8F8AE51B0880} = {235E6BD0-A9FC-4FBC-9A5F-5E3C742FEA24}
	EndGlobalSection
EndGlobal
